
Microsoft Visual Studio Solution File, Format Version 12.00
# Visual Studio 14
VisualStudioVersion = 14.0.23107.0
MinimumVisualStudioVersion = 10.0.40219.1
Project("{FAE04EC0-301F-11D3-BF4B-00C04F79EFBC}") = "GGSmtp", "GGSmtp\GGSmtp.csproj", "{CAE0C824-6E7F-403D-8A4F-69BA3687ACED}"
EndProject
Project("{FAE04EC0-301F-11D3-BF4B-00C04F79EFBC}") = "GGSmtp.ServerApp", "GGSmtp.ServerApp\GGSmtp.ServerApp.csproj", "{7B09B1B5-776E-4F98-81F0-DA7D2BF05BB7}"
EndProject
Project("{FAE04EC0-301F-11D3-BF4B-00C04F79EFBC}") = "GGSmtp.Tests", "GGSmtp.Tests\GGSmtp.Tests.csproj", "{05B0A006-7A4F-469F-85F1-C4B2064AB61A}"
EndProject
Project("{FAE04EC0-301F-11D3-BF4B-00C04F79EFBC}") = "Simple.MailServer", "Simple.MailServer\Simple.MailServer.csproj", "{4677857B-02B9-4A32-A8C6-222094672DF5}"
EndProject
Global
	GlobalSection(SolutionConfigurationPlatforms) = preSolution
		Debug|Any CPU = Debug|Any CPU
		Release|Any CPU = Release|Any CPU
	EndGlobalSection
	GlobalSection(ProjectConfigurationPlatforms) = postSolution
		{CAE0C824-6E7F-403D-8A4F-69BA3687ACED}.Debug|Any CPU.ActiveCfg = Debug|Any CPU
		{CAE0C824-6E7F-403D-8A4F-69BA3687ACED}.Debug|Any CPU.Build.0 = Debug|Any CPU
		{CAE0C824-6E7F-403D-8A4F-69BA3687ACED}.Release|Any CPU.ActiveCfg = Release|Any CPU
		{CAE0C824-6E7F-403D-8A4F-69BA3687ACED}.Release|Any CPU.Build.0 = Release|Any CPU
		{7B09B1B5-776E-4F98-81F0-DA7D2BF05BB7}.Debug|Any CPU.ActiveCfg = Debug|Any CPU
		{7B09B1B5-776E-4F98-81F0-DA7D2BF05BB7}.Debug|Any CPU.Build.0 = Debug|Any CPU
		{7B09B1B5-776E-4F98-81F0-DA7D2BF05BB7}.Release|Any CPU.ActiveCfg = Release|Any CPU
		{7B09B1B5-776E-4F98-81F0-DA7D2BF05BB7}.Release|Any CPU.Build.0 = Release|Any CPU
		{05B0A006-7A4F-469F-85F1-C4B2064AB61A}.Debug|Any CPU.ActiveCfg = Debug|Any CPU
		{05B0A006-7A4F-469F-85F1-C4B2064AB61A}.Debug|Any CPU.Build.0 = Debug|Any CPU
		{05B0A006-7A4F-469F-85F1-C4B2064AB61A}.Release|Any CPU.ActiveCfg = Release|Any CPU
		{05B0A006-7A4F-469F-85F1-C4B2064AB61A}.Release|Any CPU.Build.0 = Release|Any CPU
		{4677857B-02B9-4A32-A8C6-222094672DF5}.Debug|Any CPU.ActiveCfg = Debug|Any CPU
		{4677857B-02B9-4A32-A8C6-222094672DF5}.Debug|Any CPU.Build.0 = Debug|Any CPU
		{4677857B-02B9-4A32-A8C6-222094672DF5}.Release|Any CPU.ActiveCfg = Release|Any CPU
		{4677857B-02B9-4A32-A8C6-222094672DF5}.Release|Any CPU.Build.0 = Release|Any CPU
	EndGlobalSection
	GlobalSection(SolutionProperties) = preSolution
		HideSolutionNode = FALSE
	EndGlobalSection
EndGlobal
